{
  "name": "puzzle-solver",
  "version": "0.1.2",
  "lockfileVersion": 1,
  "requires": true,
  "dependencies": {
    "csp-solver": {
      "version": "git+ssh://git@github.com/ruurdbijlsma/csp-solver.git#11308d7e7db1dc32c6bbfbe889974fbf4d76c0f7",
      "from": "csp-solver@github:ruurdbijlsma/csp-solver"
    }
  }
}
